
Microsoft Visual Studio Solution File, Format Version 12.00
# Visual Studio 2013
VisualStudioVersion = 12.0.31101.0
MinimumVisualStudioVersion = 10.0.40219.1
Project("{8BC9CEB8-8B4A-11D0-8D11-00A0C91BC942}") = "libdaku", "libdaku\libdaku.vcxproj", "{0DFAB694-5387-4836-93BA-E4C180D7BDAE}"
EndProject
Project("{8BC9CEB8-8B4A-11D0-8D11-00A0C91BC942}") = "test", "test\test.vcxproj", "{20B91644-A9F6-400E-BF51-9892D9DC5A1F}"
	ProjectSection(ProjectDependencies) = postProject
		{0DFAB694-5387-4836-93BA-E4C180D7BDAE} = {0DFAB694-5387-4836-93BA-E4C180D7BDAE}
	EndProjectSection
EndProject
Global
	GlobalSection(SolutionConfigurationPlatforms) = preSolution
		Debug|Win32 = Debug|Win32
		Debug|x64 = Debug|x64
		Release|Win32 = Release|Win32
		Release|x64 = Release|x64
	EndGlobalSection
	GlobalSection(ProjectConfigurationPlatforms) = postSolution
		{0DFAB694-5387-4836-93BA-E4C180D7BDAE}.Debug|Win32.ActiveCfg = Debug|Win32
		{0DFAB694-5387-4836-93BA-E4C180D7BDAE}.Debug|Win32.Build.0 = Debug|Win32
		{0DFAB694-5387-4836-93BA-E4C180D7BDAE}.Debug|x64.ActiveCfg = Debug|x64
		{0DFAB694-5387-4836-93BA-E4C180D7BDAE}.Debug|x64.Build.0 = Debug|x64
		{0DFAB694-5387-4836-93BA-E4C180D7BDAE}.Release|Win32.ActiveCfg = Release|Win32
		{0DFAB694-5387-4836-93BA-E4C180D7BDAE}.Release|Win32.Build.0 = Release|Win32
		{0DFAB694-5387-4836-93BA-E4C180D7BDAE}.Release|x64.ActiveCfg = Release|x64
		{0DFAB694-5387-4836-93BA-E4C180D7BDAE}.Release|x64.Build.0 = Release|x64
		{20B91644-A9F6-400E-BF51-9892D9DC5A1F}.Debug|Win32.ActiveCfg = Debug|Win32
		{20B91644-A9F6-400E-BF51-9892D9DC5A1F}.Debug|Win32.Build.0 = Debug|Win32
		{20B91644-A9F6-400E-BF51-9892D9DC5A1F}.Debug|x64.ActiveCfg = Debug|Win32
		{20B91644-A9F6-400E-BF51-9892D9DC5A1F}.Release|Win32.ActiveCfg = Release|Win32
		{20B91644-A9F6-400E-BF51-9892D9DC5A1F}.Release|Win32.Build.0 = Release|Win32
		{20B91644-A9F6-400E-BF51-9892D9DC5A1F}.Release|x64.ActiveCfg = Release|x64
		{20B91644-A9F6-400E-BF51-9892D9DC5A1F}.Release|x64.Build.0 = Release|x64
	EndGlobalSection
	GlobalSection(SolutionProperties) = preSolution
		HideSolutionNode = FALSE
	EndGlobalSection
EndGlobal
